
Microsoft Visual Studio Solution File, Format Version 12.00
# Visual Studio Version 16
VisualStudioVersion = 16.0.31424.327
MinimumVisualStudioVersion = 10.0.40219.1
Project("{9A19103F-16F7-4668-BE54-9A1E7A4F7556}") = "01.Loops", "Loops\01.Loops.csproj", "{BF1B3D4F-1CF8-4CCC-9F6A-881A17B298BF}"
EndProject
Project("{9A19103F-16F7-4668-BE54-9A1E7A4F7556}") = "02.MiniWhileGame", "02.MiniWhileGame\02.MiniWhileGame.csproj", "{3FF18A08-0984-46FD-9039-96BC2CCA9053}"
EndProject
Project("{FAE04EC0-301F-11D3-BF4B-00C04F79EFBC}") = "03.ForLoops", "03.ForLoops\03.ForLoops.csproj", "{9E8AF207-DC5A-46E5-86C0-01DBB1105D5B}"
EndProject
Global
	GlobalSection(SolutionConfigurationPlatforms) = preSolution
		Debug|Any CPU = Debug|Any CPU
		Release|Any CPU = Release|Any CPU
	EndGlobalSection
	GlobalSection(ProjectConfigurationPlatforms) = postSolution
		{BF1B3D4F-1CF8-4CCC-9F6A-881A17B298BF}.Debug|Any CPU.ActiveCfg = Debug|Any CPU
		{BF1B3D4F-1CF8-4CCC-9F6A-881A17B298BF}.Debug|Any CPU.Build.0 = Debug|Any CPU
		{BF1B3D4F-1CF8-4CCC-9F6A-881A17B298BF}.Release|Any CPU.ActiveCfg = Release|Any CPU
		{BF1B3D4F-1CF8-4CCC-9F6A-881A17B298BF}.Release|Any CPU.Build.0 = Release|Any CPU
		{3FF18A08-0984-46FD-9039-96BC2CCA9053}.Debug|Any CPU.ActiveCfg = Debug|Any CPU
		{3FF18A08-0984-46FD-9039-96BC2CCA9053}.Debug|Any CPU.Build.0 = Debug|Any CPU
		{3FF18A08-0984-46FD-9039-96BC2CCA9053}.Release|Any CPU.ActiveCfg = Release|Any CPU
		{3FF18A08-0984-46FD-9039-96BC2CCA9053}.Release|Any CPU.Build.0 = Release|Any CPU
		{9E8AF207-DC5A-46E5-86C0-01DBB1105D5B}.Debug|Any CPU.ActiveCfg = Debug|Any CPU
		{9E8AF207-DC5A-46E5-86C0-01DBB1105D5B}.Debug|Any CPU.Build.0 = Debug|Any CPU
		{9E8AF207-DC5A-46E5-86C0-01DBB1105D5B}.Release|Any CPU.ActiveCfg = Release|Any CPU
		{9E8AF207-DC5A-46E5-86C0-01DBB1105D5B}.Release|Any CPU.Build.0 = Release|Any CPU
	EndGlobalSection
	GlobalSection(SolutionProperties) = preSolution
		HideSolutionNode = FALSE
	EndGlobalSection
	GlobalSection(ExtensibilityGlobals) = postSolution
		SolutionGuid = {368A3B8F-E8A1-443F-BE2F-866CB29862A0}
	EndGlobalSection
EndGlobal
